// !$*UTF8*$!
{
	archiveVersion = 1;
	classes = {
	};
	objectVersion = 46;
	objects = {

/* Begin PBXBuildFile section */
		D998AD901D4B972600678A97 /* AppDelegate.swift in Sources */ = {isa = PBXBuildFile; fileRef = D998AD8F1D4B972600678A97 /* AppDelegate.swift */; };
		D998AD921D4B972600678A97 /* ViewController.swift in Sources */ = {isa = PBXBuildFile; fileRef = D998AD911D4B972600678A97 /* ViewController.swift */; };
		D998AD951D4B972600678A97 /* Main.storyboard in Resources */ = {isa = PBXBuildFile; fileRef = D998AD931D4B972600678A97 /* Main.storyboard */; };
		D998AD971D4B972600678A97 /* Assets.xcassets in Resources */ = {isa = PBXBuildFile; fileRef = D998AD961D4B972600678A97 /* Assets.xcassets */; };
		D998AD9A1D4B972600678A97 /* LaunchScreen.storyboard in Resources */ = {isa = PBXBuildFile; fileRef = D998AD981D4B972600678A97 /* LaunchScreen.storyboard */; };
		D998ADA31D4B97E500678A97 /* AccessDenied.wav in Resources */ = {isa = PBXBuildFile; fileRef = D998ADA11D4B97E500678A97 /* AccessDenied.wav */; };
		D998ADA41D4B97E500678A97 /* AccessGranted.wav in Resources */ = {isa = PBXBuildFile; fileRef = D998ADA21D4B97E500678A97 /* AccessGranted.wav */; };
/* End PBXBuildFile section */

/* Begin PBXFileReference section */
		D998AD8C1D4B972600678A97 /* Amusement_Park_Pass_Generator_Part_1.app */ = {isa = PBXFileReference; explicitFileType = wrapper.application; includeInIndex = 0; path = Amusement_Park_Pass_Generator_Part_1.app; sourceTree = BUILT_PRODUCTS_DIR; };
		D998AD8F1D4B972600678A97 /* AppDelegate.swift */ = {isa = PBXFileReference; lastKnownFileType = sourcecode.swift; path = AppDelegate.swift; sourceTree = "<group>"; };
		D998AD911D4B972600678A97 /* ViewController.swift */ = {isa = PBXFileReference; lastKnownFileType = sourcecode.swift; path = ViewController.swift; sourceTree = "<group>"; };
		D998AD941D4B972600678A97 /* Base */ = {isa = PBXFileReference; lastKnownFileType = file.storyboard; name = Base; path = Base.lproj/Main.storyboard; sourceTree = "<group>"; };
		D998AD961D4B972600678A97 /* Assets.xcassets */ = {isa = PBXFileReference; lastKnownFileType = folder.assetcatalog; path = Assets.xcassets; sourceTree = "<group>"; };
		D998AD991D4B972600678A97 /* Base */ = {isa = PBXFileReference; lastKnownFileType = file.storyboard; name = Base; path = Base.lproj/LaunchScreen.storyboard; sourceTree = "<group>"; };
		D998AD9B1D4B972600678A97 /* Info.plist */ = {isa = PBXFileReference; lastKnownFileType = text.plist.xml; path = Info.plist; sourceTree = "<group>"; };
		D998ADA11D4B97E500678A97 /* AccessDenied.wav */ = {isa = PBXFileReference; lastKnownFileType = audio.wav; path = AccessDenied.wav; sourceTree = "<group>"; };
		D998ADA21D4B97E500678A97 /* AccessGranted.wav */ = {isa = PBXFileReference; lastKnownFileType = audio.wav; path = AccessGranted.wav; sourceTree = "<group>"; };
/* End PBXFileReference section */

/* Begin PBXFrameworksBuildPhase section */
		D998AD891D4B972600678A97 /* Frameworks */ = {
			isa = PBXFrameworksBuildPhase;
			buildActionMask = 2147483647;
			files = (
			);
			runOnlyForDeploymentPostprocessing = 0;
		};
/* End PBXFrameworksBuildPhase section */

/* Begin PBXGroup section */
		D998AD831D4B972500678A97 = {
			isa = PBXGroup;
			children = (
				D998AD8E1D4B972600678A97 /* Amusement_Park_Pass_Generator_Part_1 */,
				D998AD8D1D4B972600678A97 /* Products */,
			);
			sourceTree = "<group>";
		};
		D998AD8D1D4B972600678A97 /* Products */ = {
			isa = PBXGroup;
			children = (
				D998AD8C1D4B972600678A97 /* Amusement_Park_Pass_Generator_Part_1.app */,
			);
			name = Products;
			sourceTree = "<group>";
		};
		D998AD8E1D4B972600678A97 /* Amusement_Park_Pass_Generator_Part_1 */ = {
			isa = PBXGroup;
			children = (
				D998AD8F1D4B972600678A97 /* AppDelegate.swift */,
				D998AD911D4B972600678A97 /* ViewController.swift */,
				D998AD931D4B972600678A97 /* Main.storyboard */,
				D998AD981D4B972600678A97 /* LaunchScreen.storyboard */,
				D998AD9B1D4B972600678A97 /* Info.plist */,
				D998ADA51D4B97F000678A97 /* Assets */,
			);
			path = Amusement_Park_Pass_Generator_Part_1;
			sourceTree = "<group>";
		};
		D998ADA51D4B97F000678A97 /* Assets */ = {
			isa = PBXGroup;
			children = (
				D998AD961D4B972600678A97 /* Assets.xcassets */,
				D998ADA61D4B97FF00678A97 /* Sounds */,
			);
			name = Assets;
			sourceTree = "<group>";
		};
		D998ADA61D4B97FF00678A97 /* Sounds */ = {
			isa = PBXGroup;
			children = (
				D998ADA11D4B97E500678A97 /* AccessDenied.wav */,
				D998ADA21D4B97E500678A97 /* AccessGranted.wav */,
			);
			name = Sounds;
			sourceTree = "<group>";
		};
/* End PBXGroup section */

/* Begin PBXNativeTarget section */
		D998AD8B1D4B972600678A97 /* Amusement_Park_Pass_Generator_Part_1 */ = {
			isa = PBXNativeTarget;
			buildConfigurationList = D998AD9E1D4B972600678A97 /* Build configuration list for PBXNativeTarget "Amusement_Park_Pass_Generator_Part_1" */;
			buildPhases = (
				D998AD881D4B972600678A97 /* Sources */,
				D998AD891D4B972600678A97 /* Frameworks */,
				D998AD8A1D4B972600678A97 /* Resources */,
			);
			buildRules = (
			);
			dependencies = (
			);
			name = Amusement_Park_Pass_Generator_Part_1;
			productName = Amusement_Park_Pass_Generator_Part_1;
			productReference = D998AD8C1D4B972600678A97 /* Amusement_Park_Pass_Generator_Part_1.app */;
			productType = "com.apple.product-type.application";
		};
/* End PBXNativeTarget section */

/* Begin PBXProject section */
		D998AD841D4B972500678A97 /* Project object */ = {
			isa = PBXProject;
			attributes = {
				LastSwiftUpdateCheck = 0730;
				LastUpgradeCheck = 0730;
				ORGANIZATIONNAME = TumTum;
				TargetAttributes = {
					D998AD8B1D4B972600678A97 = {
						CreatedOnToolsVersion = 7.3.1;
						DevelopmentTeam = 626E3DWQYQ;
					};
				};
			};
			buildConfigurationList = D998AD871D4B972600678A97 /* Build configuration list for PBXProject "Amusement_Park_Pass_Generator_Part_1" */;
			compatibilityVersion = "Xcode 3.2";
			developmentRegion = English;
			hasScannedForEncodings = 0;
			knownRegions = (
				en,
				Base,
			);
			mainGroup = D998AD831D4B972500678A97;
			productRefGroup = D998AD8D1D4B972600678A97 /* Products */;
			projectDirPath = "";
			projectRoot = "";
			targets = (
				D998AD8B1D4B972600678A97 /* Amusement_Park_Pass_Generator_Part_1 */,
			);
		};
/* End PBXProject section */

/* Begin PBXResourcesBuildPhase section */
		D998AD8A1D4B972600678A97 /* Resources */ = {
			isa = PBXResourcesBuildPhase;
			buildActionMask = 2147483647;
			files = (
				D998AD9A1D4B972600678A97 /* LaunchScreen.storyboard in Resources */,
				D998ADA41D4B97E500678A97 /* AccessGranted.wav in Resources */,
				D998AD971D4B972600678A97 /* Assets.xcassets in Resources */,
				D998AD951D4B972600678A97 /* Main.storyboard in Resources */,
				D998ADA31D4B97E500678A97 /* AccessDenied.wav in Resources */,
			);
			runOnlyForDeploymentPostprocessing = 0;
		};
/* End PBXResourcesBuildPhase section */

/* Begin PBXSourcesBuildPhase section */
		D998AD881D4B972600678A97 /* Sources */ = {
			isa = PBXSourcesBuildPhase;
			buildActionMask = 2147483647;
			files = (
				D998AD921D4B972600678A97 /* ViewController.swift in Sources */,
				D998AD901D4B972600678A97 /* AppDelegate.swift in Sources */,
			);
			runOnlyForDeploymentPostprocessing = 0;
		};
/* End PBXSourcesBuildPhase section */

/* Begin PBXVariantGroup section */
		D998AD931D4B972600678A97 /* Main.storyboard */ = {
			isa = PBXVariantGroup;
			children = (
				D998AD941D4B972600678A97 /* Base */,
			);
			name = Main.storyboard;
			sourceTree = "<group>";
		};
		D998AD981D4B972600678A97 /* LaunchScreen.storyboard */ = {
			isa = PBXVariantGroup;
			children = (
				D998AD991D4B972600678A97 /* Base */,
			);
			name = LaunchScreen.storyboard;
			sourceTree = "<group>";
		};
/* End PBXVariantGroup section */

/* Begin XCBuildConfiguration section */
		D998AD9C1D4B972600678A97 /* Debug */ = {
			isa = XCBuildConfiguration;
			buildSettings = {
				ALWAYS_SEARCH_USER_PATHS = NO;
				CLANG_ANALYZER_NONNULL = YES;
				CLANG_CXX_LANGUAGE_STANDARD = "gnu++0x";
				CLANG_CXX_LIBRARY = "libc++";
				CLANG_ENABLE_MODULES = YES;
				CLANG_ENABLE_OBJC_ARC = YES;
				CLANG_WARN_BOOL_CONVERSION = YES;
				CLANG_WARN_CONSTANT_CONVERSION = YES;
				CLANG_WARN_DIRECT_OBJC_ISA_USAGE = YES_ERROR;
				CLANG_WARN_EMPTY_BODY = YES;
				CLANG_WARN_ENUM_CONVERSION = YES;
				CLANG_WARN_INT_CONVERSION = YES;
				CLANG_WARN_OBJC_ROOT_CLASS = YES_ERROR;
				CLANG_WARN_UNREACHABLE_CODE = YES;
				CLANG_WARN__DUPLICATE_METHOD_MATCH = YES;
				"CODE_SIGN_IDENTITY[sdk=iphoneos*]" = "iPhone Developer";
				COPY_PHASE_STRIP = NO;
				DEBUG_INFORMATION_FORMAT = dwarf;
				ENABLE_STRICT_OBJC_MSGSEND = YES;
				ENABLE_TESTABILITY = YES;
				GCC_C_LANGUAGE_STANDARD = gnu99;
				GCC_DYNAMIC_NO_PIC = NO;
				GCC_NO_COMMON_BLOCKS = YES;
				GCC_OPTIMIZATION_LEVEL = 0;
				GCC_PREPROCESSOR_DEFINITIONS = (
					"DEBUG=1",
					"$(inherited)",
				);
				GCC_WARN_64_TO_32_BIT_CONVERSION = YES;
				GCC_WARN_ABOUT_RETURN_TYPE = YES_ERROR;
				GCC_WARN_UNDECLARED_SELECTOR = YES;
				GCC_WARN_UNINITIALIZED_AUTOS = YES_AGGRESSIVE;
				GCC_WARN_UNUSED_FUNCTION = YES;
				GCC_WARN_UNUSED_VARIABLE = YES;
				IPHONEOS_DEPLOYMENT_TARGET = 9.3;
				MTL_ENABLE_DEBUG_INFO = YES;
				ONLY_ACTIVE_ARCH = YES;
				SDKROOT = iphoneos;
				SWIFT_OPTIMIZATION_LEVEL = "-Onone";
				TARGETED_DEVICE_FAMILY = 2;
			};
			name = Debug;
		};
		D998AD9D1D4B972600678A97 /* Release */ = {
			isa = XCBuildConfiguration;
			buildSettings = {
				ALWAYS_SEARCH_USER_PATHS = NO;
				CLANG_ANALYZER_NONNULL = YES;
				CLANG_CXX_LANGUAGE_STANDARD = "gnu++0x";
				CLANG_CXX_LIBRARY = "libc++";
				CLANG_ENABLE_MODULES = YES;
				CLANG_ENABLE_OBJC_ARC = YES;
				CLANG_WARN_BOOL_CONVERSION = YES;
				CLANG_WARN_CONSTANT_CONVERSION = YES;
				CLANG_WARN_DIRECT_OBJC_ISA_USAGE = YES_ERROR;
				CLANG_WARN_EMPTY_BODY = YES;
				CLANG_WARN_ENUM_CONVERSION = YES;
				CLANG_WARN_INT_CONVERSION = YES;
				CLANG_WARN_OBJC_ROOT_CLASS = YES_ERROR;
				CLANG_WARN_UNREACHABLE_CODE = YES;
				CLANG_WARN__DUPLICATE_METHOD_MATCH = YES;
				"CODE_SIGN_IDENTITY[sdk=iphoneos*]" = "iPhone Developer";
				COPY_PHASE_STRIP = NO;
				DEBUG_INFORMATION_FORMAT = "dwarf-with-dsym";
				ENABLE_NS_ASSERTIONS = NO;
				ENABLE_STRICT_OBJC_MSGSEND = YES;
				GCC_C_LANGUAGE_STANDARD = gnu99;
				GCC_NO_COMMON_BLOCKS = YES;
				GCC_WARN_64_TO_32_BIT_CONVERSION = YES;
				GCC_WARN_ABOUT_RETURN_TYPE = YES_ERROR;
				GCC_WARN_UNDECLARED_SELECTOR = YES;
				GCC_WARN_UNINITIALIZED_AUTOS = YES_AGGRESSIVE;
				GCC_WARN_UNUSED_FUNCTION = YES;
				GCC_WARN_UNUSED_VARIABLE = YES;
				IPHONEOS_DEPLOYMENT_TARGET = 9.3;
				MTL_ENABLE_DEBUG_INFO = NO;
				SDKROOT = iphoneos;
				TARGETED_DEVICE_FAMILY = 2;
				VALIDATE_PRODUCT = YES;
			};
			name = Release;
		};
		D998AD9F1D4B972600678A97 /* Debug */ = {
			isa = XCBuildConfiguration;
			buildSettings = {
				ASSETCATALOG_COMPILER_APPICON_NAME = AppIcon;
				INFOPLIST_FILE = Amusement_Park_Pass_Generator_Part_1/Info.plist;
				LD_RUNPATH_SEARCH_PATHS = "$(inherited) @executable_path/Frameworks";
				PRODUCT_BUNDLE_IDENTIFIER = "TumTum.Amusement-Park-Pass-Generator-Part-1";
				PRODUCT_NAME = "$(TARGET_NAME)";
			};
			name = Debug;
		};
		D998ADA01D4B972600678A97 /* Release */ = {
			isa = XCBuildConfiguration;
			buildSettings = {
				ASSETCATALOG_COMPILER_APPICON_NAME = AppIcon;
				INFOPLIST_FILE = Amusement_Park_Pass_Generator_Part_1/Info.plist;
				LD_RUNPATH_SEARCH_PATHS = "$(inherited) @executable_path/Frameworks";
				PRODUCT_BUNDLE_IDENTIFIER = "TumTum.Amusement-Park-Pass-Generator-Part-1";
				PRODUCT_NAME = "$(TARGET_NAME)";
			};
			name = Release;
		};
/* End XCBuildConfiguration section */

/* Begin XCConfigurationList section */
		D998AD871D4B972600678A97 /* Build configuration list for PBXProject "Amusement_Park_Pass_Generator_Part_1" */ = {
			isa = XCConfigurationList;
			buildConfigurations = (
				D998AD9C1D4B972600678A97 /* Debug */,
				D998AD9D1D4B972600678A97 /* Release */,
			);
			defaultConfigurationIsVisible = 0;
			defaultConfigurationName = Release;
		};
		D998AD9E1D4B972600678A97 /* Build configuration list for PBXNativeTarget "Amusement_Park_Pass_Generator_Part_1" */ = {
			isa = XCConfigurationList;
			buildConfigurations = (
				D998AD9F1D4B972600678A97 /* Debug */,
				D998ADA01D4B972600678A97 /* Release */,
			);
			defaultConfigurationIsVisible = 0;
		};
/* End XCConfigurationList section */
	};
	rootObject = D998AD841D4B972500678A97 /* Project object */;
}
